
Microsoft Visual Studio Solution File, Format Version 12.00
# Visual Studio 15
VisualStudioVersion = 15.0.26124.0
MinimumVisualStudioVersion = 15.0.26124.0
Project("{FAE04EC0-301F-11D3-BF4B-00C04F79EFBC}") = "MyMath", "MyMath\MyMath.csproj", "{DFF117A8-AC3E-4D0D-9C35-1A1B243530E3}"
EndProject
Project("{FAE04EC0-301F-11D3-BF4B-00C04F79EFBC}") = "MyMath.Test", "MyMath.Test\MyMath.Test.csproj", "{6EA567A0-FB37-4B00-8934-B18783218AEF}"
EndProject
Global
	GlobalSection(SolutionConfigurationPlatforms) = preSolution
		Debug|Any CPU = Debug|Any CPU
		Debug|x64 = Debug|x64
		Debug|x86 = Debug|x86
		Release|Any CPU = Release|Any CPU
		Release|x64 = Release|x64
		Release|x86 = Release|x86
	EndGlobalSection
	GlobalSection(SolutionProperties) = preSolution
		HideSolutionNode = FALSE
	EndGlobalSection
	GlobalSection(ProjectConfigurationPlatforms) = postSolution
		{DFF117A8-AC3E-4D0D-9C35-1A1B243530E3}.Debug|Any CPU.ActiveCfg = Debug|Any CPU
		{DFF117A8-AC3E-4D0D-9C35-1A1B243530E3}.Debug|Any CPU.Build.0 = Debug|Any CPU
		{DFF117A8-AC3E-4D0D-9C35-1A1B243530E3}.Debug|x64.ActiveCfg = Debug|Any CPU
		{DFF117A8-AC3E-4D0D-9C35-1A1B243530E3}.Debug|x64.Build.0 = Debug|Any CPU
		{DFF117A8-AC3E-4D0D-9C35-1A1B243530E3}.Debug|x86.ActiveCfg = Debug|Any CPU
		{DFF117A8-AC3E-4D0D-9C35-1A1B243530E3}.Debug|x86.Build.0 = Debug|Any CPU
		{DFF117A8-AC3E-4D0D-9C35-1A1B243530E3}.Release|Any CPU.ActiveCfg = Release|Any CPU
		{DFF117A8-AC3E-4D0D-9C35-1A1B243530E3}.Release|Any CPU.Build.0 = Release|Any CPU
		{DFF117A8-AC3E-4D0D-9C35-1A1B243530E3}.Release|x64.ActiveCfg = Release|Any CPU
		{DFF117A8-AC3E-4D0D-9C35-1A1B243530E3}.Release|x64.Build.0 = Release|Any CPU
		{DFF117A8-AC3E-4D0D-9C35-1A1B243530E3}.Release|x86.ActiveCfg = Release|Any CPU
		{DFF117A8-AC3E-4D0D-9C35-1A1B243530E3}.Release|x86.Build.0 = Release|Any CPU
		{6EA567A0-FB37-4B00-8934-B18783218AEF}.Debug|Any CPU.ActiveCfg = Debug|Any CPU
		{6EA567A0-FB37-4B00-8934-B18783218AEF}.Debug|Any CPU.Build.0 = Debug|Any CPU
		{6EA567A0-FB37-4B00-8934-B18783218AEF}.Debug|x64.ActiveCfg = Debug|Any CPU
		{6EA567A0-FB37-4B00-8934-B18783218AEF}.Debug|x64.Build.0 = Debug|Any CPU
		{6EA567A0-FB37-4B00-8934-B18783218AEF}.Debug|x86.ActiveCfg = Debug|Any CPU
		{6EA567A0-FB37-4B00-8934-B18783218AEF}.Debug|x86.Build.0 = Debug|Any CPU
		{6EA567A0-FB37-4B00-8934-B18783218AEF}.Release|Any CPU.ActiveCfg = Release|Any CPU
		{6EA567A0-FB37-4B00-8934-B18783218AEF}.Release|Any CPU.Build.0 = Release|Any CPU
		{6EA567A0-FB37-4B00-8934-B18783218AEF}.Release|x64.ActiveCfg = Release|Any CPU
		{6EA567A0-FB37-4B00-8934-B18783218AEF}.Release|x64.Build.0 = Release|Any CPU
		{6EA567A0-FB37-4B00-8934-B18783218AEF}.Release|x86.ActiveCfg = Release|Any CPU
		{6EA567A0-FB37-4B00-8934-B18783218AEF}.Release|x86.Build.0 = Release|Any CPU
	EndGlobalSection
EndGlobal
